
Microsoft Visual Studio Solution File, Format Version 12.00
# Visual Studio Version 17
VisualStudioVersion = 17.11.35327.3
MinimumVisualStudioVersion = 10.0.40219.1
Project("{FAE04EC0-301F-11D3-BF4B-00C04F79EFBC}") = "UDVAndroidTestApp", "UDVAndroidTestApp\UDVAndroidTestApp.csproj", "{604DC6EB-F153-4C5C-B267-C430CE9740F7}"
EndProject
Project("{FAE04EC0-301F-11D3-BF4B-00C04F79EFBC}") = "UDVAndroidTestApp.App", "UDVAndroidTestApp.Business\UDVAndroidTestApp.App.csproj", "{61644081-5F69-4C47-B3C0-CBE7B72BC70C}"
EndProject
Project("{FAE04EC0-301F-11D3-BF4B-00C04F79EFBC}") = "UDVAndroidTestApp.Data", "UDVAndroidTestApp.Data\UDVAndroidTestApp.Data.csproj", "{56E2F190-D4D8-4497-8F49-F63DBEA5938F}"
EndProject
Project("{FAE04EC0-301F-11D3-BF4B-00C04F79EFBC}") = "UDVAndroidTestApp.Core", "UDVAndroidTestApp.Domain\UDVAndroidTestApp.Core.csproj", "{F3EDBF0D-DE5A-420C-8F95-5563C74B53B7}"
EndProject
Global
	GlobalSection(SolutionConfigurationPlatforms) = preSolution
		Debug|Any CPU = Debug|Any CPU
		Release|Any CPU = Release|Any CPU
	EndGlobalSection
	GlobalSection(ProjectConfigurationPlatforms) = postSolution
		{604DC6EB-F153-4C5C-B267-C430CE9740F7}.Debug|Any CPU.ActiveCfg = Debug|Any CPU
		{604DC6EB-F153-4C5C-B267-C430CE9740F7}.Debug|Any CPU.Build.0 = Debug|Any CPU
		{604DC6EB-F153-4C5C-B267-C430CE9740F7}.Debug|Any CPU.Deploy.0 = Debug|Any CPU
		{604DC6EB-F153-4C5C-B267-C430CE9740F7}.Release|Any CPU.ActiveCfg = Release|Any CPU
		{604DC6EB-F153-4C5C-B267-C430CE9740F7}.Release|Any CPU.Build.0 = Release|Any CPU
		{604DC6EB-F153-4C5C-B267-C430CE9740F7}.Release|Any CPU.Deploy.0 = Release|Any CPU
		{61644081-5F69-4C47-B3C0-CBE7B72BC70C}.Debug|Any CPU.ActiveCfg = Debug|Any CPU
		{61644081-5F69-4C47-B3C0-CBE7B72BC70C}.Debug|Any CPU.Build.0 = Debug|Any CPU
		{61644081-5F69-4C47-B3C0-CBE7B72BC70C}.Release|Any CPU.ActiveCfg = Release|Any CPU
		{61644081-5F69-4C47-B3C0-CBE7B72BC70C}.Release|Any CPU.Build.0 = Release|Any CPU
		{56E2F190-D4D8-4497-8F49-F63DBEA5938F}.Debug|Any CPU.ActiveCfg = Debug|Any CPU
		{56E2F190-D4D8-4497-8F49-F63DBEA5938F}.Debug|Any CPU.Build.0 = Debug|Any CPU
		{56E2F190-D4D8-4497-8F49-F63DBEA5938F}.Release|Any CPU.ActiveCfg = Release|Any CPU
		{56E2F190-D4D8-4497-8F49-F63DBEA5938F}.Release|Any CPU.Build.0 = Release|Any CPU
		{F3EDBF0D-DE5A-420C-8F95-5563C74B53B7}.Debug|Any CPU.ActiveCfg = Debug|Any CPU
		{F3EDBF0D-DE5A-420C-8F95-5563C74B53B7}.Debug|Any CPU.Build.0 = Debug|Any CPU
		{F3EDBF0D-DE5A-420C-8F95-5563C74B53B7}.Release|Any CPU.ActiveCfg = Release|Any CPU
		{F3EDBF0D-DE5A-420C-8F95-5563C74B53B7}.Release|Any CPU.Build.0 = Release|Any CPU
	EndGlobalSection
	GlobalSection(SolutionProperties) = preSolution
		HideSolutionNode = FALSE
	EndGlobalSection
	GlobalSection(ExtensibilityGlobals) = postSolution
		SolutionGuid = {22EC7D48-85D9-471C-99D5-821E7392D6FB}
	EndGlobalSection
EndGlobal
